
Microsoft Visual Studio Solution File, Format Version 12.00
# Visual Studio Version 16
VisualStudioVersion = 16.0.32228.343
MinimumVisualStudioVersion = 10.0.40219.1
Project("{9A19103F-16F7-4668-BE54-9A1E7A4F7556}") = "Bizzera.Leandro.2D.TPFinal", "Bizzera.Leandro.2D.TPFinal\Bizzera.Leandro.2D.TPFinal.csproj", "{8D533E4A-468B-499A-BD0F-B1451C1A8181}"
EndProject
Project("{9A19103F-16F7-4668-BE54-9A1E7A4F7556}") = "Biblioteca", "Biblioteca\Biblioteca.csproj", "{16D022A3-2170-43F1-95C7-FCCA6E83F867}"
EndProject
Project("{9A19103F-16F7-4668-BE54-9A1E7A4F7556}") = "MisFunciones", "Biblioteca con MisFunciones\MisFunciones.csproj", "{C8A85FD0-F977-4115-B05C-996999F1917E}"
EndProject
Project("{9A19103F-16F7-4668-BE54-9A1E7A4F7556}") = "TestMisFunciones", "TestMisFunciones\TestMisFunciones.csproj", "{844282E3-6C86-4CC8-8DA3-23B811E69501}"
EndProject
Global
	GlobalSection(SolutionConfigurationPlatforms) = preSolution
		Debug|Any CPU = Debug|Any CPU
		Release|Any CPU = Release|Any CPU
	EndGlobalSection
	GlobalSection(ProjectConfigurationPlatforms) = postSolution
		{8D533E4A-468B-499A-BD0F-B1451C1A8181}.Debug|Any CPU.ActiveCfg = Debug|Any CPU
		{8D533E4A-468B-499A-BD0F-B1451C1A8181}.Debug|Any CPU.Build.0 = Debug|Any CPU
		{8D533E4A-468B-499A-BD0F-B1451C1A8181}.Release|Any CPU.ActiveCfg = Release|Any CPU
		{8D533E4A-468B-499A-BD0F-B1451C1A8181}.Release|Any CPU.Build.0 = Release|Any CPU
		{16D022A3-2170-43F1-95C7-FCCA6E83F867}.Debug|Any CPU.ActiveCfg = Debug|Any CPU
		{16D022A3-2170-43F1-95C7-FCCA6E83F867}.Debug|Any CPU.Build.0 = Debug|Any CPU
		{16D022A3-2170-43F1-95C7-FCCA6E83F867}.Release|Any CPU.ActiveCfg = Release|Any CPU
		{16D022A3-2170-43F1-95C7-FCCA6E83F867}.Release|Any CPU.Build.0 = Release|Any CPU
		{C8A85FD0-F977-4115-B05C-996999F1917E}.Debug|Any CPU.ActiveCfg = Debug|Any CPU
		{C8A85FD0-F977-4115-B05C-996999F1917E}.Debug|Any CPU.Build.0 = Debug|Any CPU
		{C8A85FD0-F977-4115-B05C-996999F1917E}.Release|Any CPU.ActiveCfg = Release|Any CPU
		{C8A85FD0-F977-4115-B05C-996999F1917E}.Release|Any CPU.Build.0 = Release|Any CPU
		{844282E3-6C86-4CC8-8DA3-23B811E69501}.Debug|Any CPU.ActiveCfg = Debug|Any CPU
		{844282E3-6C86-4CC8-8DA3-23B811E69501}.Debug|Any CPU.Build.0 = Debug|Any CPU
		{844282E3-6C86-4CC8-8DA3-23B811E69501}.Release|Any CPU.ActiveCfg = Release|Any CPU
		{844282E3-6C86-4CC8-8DA3-23B811E69501}.Release|Any CPU.Build.0 = Release|Any CPU
	EndGlobalSection
	GlobalSection(SolutionProperties) = preSolution
		HideSolutionNode = FALSE
	EndGlobalSection
	GlobalSection(ExtensibilityGlobals) = postSolution
		SolutionGuid = {B25D48D0-37AB-4247-B5DF-B7E9B031A5AB}
	EndGlobalSection
EndGlobal
